
Microsoft Visual Studio Solution File, Format Version 12.00
# Visual Studio Version 16
VisualStudioVersion = 16.0.32106.194
MinimumVisualStudioVersion = 10.0.40219.1
Project("{FAE04EC0-301F-11D3-BF4B-00C04F79EFBC}") = "HelloGame", "HelloGame\HelloGame.csproj", "{F668A5FB-2F13-41C3-8D32-F9BDC034814F}"
EndProject
Global
	GlobalSection(SolutionConfigurationPlatforms) = preSolution
		Debug|Any CPU = Debug|Any CPU
		Release|Any CPU = Release|Any CPU
	EndGlobalSection
	GlobalSection(ProjectConfigurationPlatforms) = postSolution
		{F668A5FB-2F13-41C3-8D32-F9BDC034814F}.Debug|Any CPU.ActiveCfg = Debug|Any CPU
		{F668A5FB-2F13-41C3-8D32-F9BDC034814F}.Debug|Any CPU.Build.0 = Debug|Any CPU
		{F668A5FB-2F13-41C3-8D32-F9BDC034814F}.Release|Any CPU.ActiveCfg = Release|Any CPU
		{F668A5FB-2F13-41C3-8D32-F9BDC034814F}.Release|Any CPU.Build.0 = Release|Any CPU
	EndGlobalSection
	GlobalSection(SolutionProperties) = preSolution
		HideSolutionNode = FALSE
	EndGlobalSection
	GlobalSection(ExtensibilityGlobals) = postSolution
		SolutionGuid = {CAAC2C5F-5AB5-497D-8B13-E691B5DF0758}
	EndGlobalSection
EndGlobal
